{
  "object": {
    "pins": [
      {
        "package": "Lottery",
        "repositoryURL": "https://github.com/0xsoria/Lottery.git",
        "state": {
          "branch": null,
          "revision": "4ad7af8afdb4d8e51aece71361dd0b435e976af2",
          "version": "1.1.1"
        }
      },
      {
        "package": "Network",
        "repositoryURL": "https://github.com/0xsoria/Network.git",
        "state": {
          "branch": null,
          "revision": "57bb90a3d45256359f05b391bf80ed2ea55a7a03",
          "version": "1.0.0"
        }
      }
    ]
  },
  "version": 1
}
