{
  "object": {
    "pins": [
      {
        "package": "Lottery",
        "repositoryURL": "https://github.com/0xsoria/Lottery.git",
        "state": {
          "branch": null,
          "revision": "0236d6503f6f84be12f0159f3900cc574c106685",
          "version": "1.1.2"
        }
      },
      {
        "package": "Network",
        "repositoryURL": "https://github.com/0xsoria/Network.git",
        "state": {
          "branch": null,
          "revision": "57bb90a3d45256359f05b391bf80ed2ea55a7a03",
          "version": "1.0.0"
        }
      }
    ]
  },
  "version": 1
}
