// !$*UTF8*$!
{
	archiveVersion = 1;
	classes = {
	};
	objectVersion = 50;
	objects = {

/* Begin PBXBuildFile section */
		150287EE2472101900C794BC /* Loterias-Da-Sorte WatchKit App.app in Embed Watch Content */ = {isa = PBXBuildFile; fileRef = 150287ED2472101900C794BC /* Loterias-Da-Sorte WatchKit App.app */; settings = {ATTRIBUTES = (RemoveHeadersOnCopy, ); }; };
		150287F42472101900C794BC /* Interface.storyboard in Resources */ = {isa = PBXBuildFile; fileRef = 150287F22472101900C794BC /* Interface.storyboard */; };
		150287F62472101A00C794BC /* Assets.xcassets in Resources */ = {isa = PBXBuildFile; fileRef = 150287F52472101A00C794BC /* Assets.xcassets */; };
		150287FD2472101A00C794BC /* Loterias-Da-Sorte WatchKit Extension.appex in Embed App Extensions */ = {isa = PBXBuildFile; fileRef = 150287FC2472101A00C794BC /* Loterias-Da-Sorte WatchKit Extension.appex */; settings = {ATTRIBUTES = (RemoveHeadersOnCopy, ); }; };
		150288022472101A00C794BC /* ContentView.swift in Sources */ = {isa = PBXBuildFile; fileRef = 150288012472101A00C794BC /* ContentView.swift */; };
		150288042472101A00C794BC /* HostingController.swift in Sources */ = {isa = PBXBuildFile; fileRef = 150288032472101A00C794BC /* HostingController.swift */; };
		150288062472101A00C794BC /* ExtensionDelegate.swift in Sources */ = {isa = PBXBuildFile; fileRef = 150288052472101A00C794BC /* ExtensionDelegate.swift */; };
		150288082472101A00C794BC /* ComplicationController.swift in Sources */ = {isa = PBXBuildFile; fileRef = 150288072472101A00C794BC /* ComplicationController.swift */; };
		1502880A2472101B00C794BC /* Assets.xcassets in Resources */ = {isa = PBXBuildFile; fileRef = 150288092472101B00C794BC /* Assets.xcassets */; };
		1502880D2472101B00C794BC /* Preview Assets.xcassets in Resources */ = {isa = PBXBuildFile; fileRef = 1502880C2472101B00C794BC /* Preview Assets.xcassets */; };
		1502881D2472115100C794BC /* ContentViewData.swift in Sources */ = {isa = PBXBuildFile; fileRef = 1502881C2472115100C794BC /* ContentViewData.swift */; };
		1502881F247211CC00C794BC /* LotteryGames.swift in Sources */ = {isa = PBXBuildFile; fileRef = 1502881E247211CC00C794BC /* LotteryGames.swift */; };
		150288212472120B00C794BC /* LotteryColor.swift in Sources */ = {isa = PBXBuildFile; fileRef = 150288202472120B00C794BC /* LotteryColor.swift */; };
		150288232472178200C794BC /* MainView.swift in Sources */ = {isa = PBXBuildFile; fileRef = 150288222472178200C794BC /* MainView.swift */; };
		1502882524721DB500C794BC /* TypeOfGame.swift in Sources */ = {isa = PBXBuildFile; fileRef = 1502882424721DB500C794BC /* TypeOfGame.swift */; };
		1502882724721E5F00C794BC /* GameDetailView.swift in Sources */ = {isa = PBXBuildFile; fileRef = 1502882624721E5F00C794BC /* GameDetailView.swift */; };
		1502882A2472210D00C794BC /* Requester.swift in Sources */ = {isa = PBXBuildFile; fileRef = 150288292472210D00C794BC /* Requester.swift */; };
		1502882C2472211E00C794BC /* Router.swift in Sources */ = {isa = PBXBuildFile; fileRef = 1502882B2472211E00C794BC /* Router.swift */; };
		1502882E2472213D00C794BC /* PlistKeys.swift in Sources */ = {isa = PBXBuildFile; fileRef = 1502882D2472213D00C794BC /* PlistKeys.swift */; };
		150288302472217D00C794BC /* LotteryNetworkingError.swift in Sources */ = {isa = PBXBuildFile; fileRef = 1502882F2472217D00C794BC /* LotteryNetworkingError.swift */; };
		150288352472240100C794BC /* SenaConcourseData.swift in Sources */ = {isa = PBXBuildFile; fileRef = 150288342472240100C794BC /* SenaConcourseData.swift */; };
		150288372472242400C794BC /* NextGameWorker.swift in Sources */ = {isa = PBXBuildFile; fileRef = 150288362472242400C794BC /* NextGameWorker.swift */; };
		150288392472244400C794BC /* MyExtensions.swift in Sources */ = {isa = PBXBuildFile; fileRef = 150288382472244400C794BC /* MyExtensions.swift */; };
		1502883D247224BF00C794BC /* LotteryNetworkingWorker.swift in Sources */ = {isa = PBXBuildFile; fileRef = 1502883C247224BF00C794BC /* LotteryNetworkingWorker.swift */; };
		1502883F247224E900C794BC /* QuinaConcourseData.swift in Sources */ = {isa = PBXBuildFile; fileRef = 1502883E247224E900C794BC /* QuinaConcourseData.swift */; };
		150288412472251000C794BC /* LotofacilConcourseData.swift in Sources */ = {isa = PBXBuildFile; fileRef = 150288402472251000C794BC /* LotofacilConcourseData.swift */; };
		150288432472254500C794BC /* LotomaniaConcourseData.swift in Sources */ = {isa = PBXBuildFile; fileRef = 150288422472254500C794BC /* LotomaniaConcourseData.swift */; };
		150288452472256200C794BC /* TimemaniaConcourseData.swift in Sources */ = {isa = PBXBuildFile; fileRef = 150288442472256200C794BC /* TimemaniaConcourseData.swift */; };
		150288472472257800C794BC /* DuplaSenaConcourseData.swift in Sources */ = {isa = PBXBuildFile; fileRef = 150288462472257800C794BC /* DuplaSenaConcourseData.swift */; };
		150288492472258F00C794BC /* DiaDeSorteConcourseData.swift in Sources */ = {isa = PBXBuildFile; fileRef = 150288482472258F00C794BC /* DiaDeSorteConcourseData.swift */; };
		1502884B2472259A00C794BC /* FederalConcourseData.swift in Sources */ = {isa = PBXBuildFile; fileRef = 1502884A2472259A00C794BC /* FederalConcourseData.swift */; };
		1502885F2472284800C794BC /* GameDetailRequester.swift in Sources */ = {isa = PBXBuildFile; fileRef = 1502885E2472284800C794BC /* GameDetailRequester.swift */; };
		1502886324722BC800C794BC /* FirstStyleTable.swift in Sources */ = {isa = PBXBuildFile; fileRef = 1502886224722BC800C794BC /* FirstStyleTable.swift */; };
		1502886524722CAF00C794BC /* GameDetailData.swift in Sources */ = {isa = PBXBuildFile; fileRef = 1502886424722CAF00C794BC /* GameDetailData.swift */; };
		15028867247235BA00C794BC /* Extensions.swift in Sources */ = {isa = PBXBuildFile; fileRef = 15028866247235BA00C794BC /* Extensions.swift */; };
		15115E1B247363C00058E308 /* ThirdStyleView.swift in Sources */ = {isa = PBXBuildFile; fileRef = 15115E1A247363C00058E308 /* ThirdStyleView.swift */; };
		151F9DAF24723AC90023B57D /* SecondStyleView.swift in Sources */ = {isa = PBXBuildFile; fileRef = 151F9DAE24723AC90023B57D /* SecondStyleView.swift */; };
		1521CBA8248B35FE00CFBBBF /* ApiConfig.xcconfig in Resources */ = {isa = PBXBuildFile; fileRef = 1521CBA7248B320A00CFBBBF /* ApiConfig.xcconfig */; };
		1521CBA9248B360000CFBBBF /* ApiConfig.xcconfig in Resources */ = {isa = PBXBuildFile; fileRef = 1521CBA7248B320A00CFBBBF /* ApiConfig.xcconfig */; };
		153AAE8024773B9000BA6827 /* SettingsView.swift in Sources */ = {isa = PBXBuildFile; fileRef = 153AAE7F24773B9000BA6827 /* SettingsView.swift */; };
		153AAE842477445D00BA6827 /* NextGameView.swift in Sources */ = {isa = PBXBuildFile; fileRef = 153AAE832477445D00BA6827 /* NextGameView.swift */; };
		153AAE8A2477693700BA6827 /* GameDetailModel.swift in Sources */ = {isa = PBXBuildFile; fileRef = 153AAE892477693700BA6827 /* GameDetailModel.swift */; };
		154B9179252426D5006C1E45 /* Loterias_Da_Sorte_iOSApp.swift in Sources */ = {isa = PBXBuildFile; fileRef = 154B9178252426D5006C1E45 /* Loterias_Da_Sorte_iOSApp.swift */; };
		154B917B252426D5006C1E45 /* ContentView.swift in Sources */ = {isa = PBXBuildFile; fileRef = 154B917A252426D5006C1E45 /* ContentView.swift */; };
		154B917D252426D6006C1E45 /* Assets.xcassets in Resources */ = {isa = PBXBuildFile; fileRef = 154B917C252426D6006C1E45 /* Assets.xcassets */; };
		154B9180252426D6006C1E45 /* Preview Assets.xcassets in Resources */ = {isa = PBXBuildFile; fileRef = 154B917F252426D6006C1E45 /* Preview Assets.xcassets */; };
		154B9182252426D6006C1E45 /* Persistence.swift in Sources */ = {isa = PBXBuildFile; fileRef = 154B9181252426D6006C1E45 /* Persistence.swift */; };
		154B9185252426D6006C1E45 /* Loterias_Da_Sorte_iOS.xcdatamodeld in Sources */ = {isa = PBXBuildFile; fileRef = 154B9183252426D6006C1E45 /* Loterias_Da_Sorte_iOS.xcdatamodeld */; };
		154B919325242B38006C1E45 /* MainLotteryView.swift in Sources */ = {isa = PBXBuildFile; fileRef = 154B919225242B38006C1E45 /* MainLotteryView.swift */; };
		154B919D25242B93006C1E45 /* SavedGamesView.swift in Sources */ = {isa = PBXBuildFile; fileRef = 154B919C25242B93006C1E45 /* SavedGamesView.swift */; };
		154B91A325242BA9006C1E45 /* SettingView.swift in Sources */ = {isa = PBXBuildFile; fileRef = 154B91A225242BA9006C1E45 /* SettingView.swift */; };
		154B91A925269F0B006C1E45 /* NetworkService.swift in Sources */ = {isa = PBXBuildFile; fileRef = 154B91A825269F0B006C1E45 /* NetworkService.swift */; };
		154B91CF2526A3D0006C1E45 /* NetworkServiceProtocol.swift in Sources */ = {isa = PBXBuildFile; fileRef = 154B91CE2526A3D0006C1E45 /* NetworkServiceProtocol.swift */; };
		154B91D52526A3E8006C1E45 /* NetworkServiceError.swift in Sources */ = {isa = PBXBuildFile; fileRef = 154B91D42526A3E7006C1E45 /* NetworkServiceError.swift */; };
		154B91E12526A486006C1E45 /* Loterias_Da_Sorte_iOSTests.swift in Sources */ = {isa = PBXBuildFile; fileRef = 154B91E02526A486006C1E45 /* Loterias_Da_Sorte_iOSTests.swift */; };
		154B921D2526A5E9006C1E45 /* LastGamesResultsInteractor.swift in Sources */ = {isa = PBXBuildFile; fileRef = 154B921C2526A5E9006C1E45 /* LastGamesResultsInteractor.swift */; };
		154B92252526B0B9006C1E45 /* LotteryNetworkService.swift in Sources */ = {isa = PBXBuildFile; fileRef = 154B92242526B0B9006C1E45 /* LotteryNetworkService.swift */; };
		154B92362526B357006C1E45 /* LotteryColor.swift in Sources */ = {isa = PBXBuildFile; fileRef = 150288202472120B00C794BC /* LotteryColor.swift */; };
		154B923C2526B35B006C1E45 /* LotteryGames.swift in Sources */ = {isa = PBXBuildFile; fileRef = 1502881E247211CC00C794BC /* LotteryGames.swift */; };
		154B92422526B380006C1E45 /* PlistKeys.swift in Sources */ = {isa = PBXBuildFile; fileRef = 1502882D2472213D00C794BC /* PlistKeys.swift */; };
		154B92482526B391006C1E45 /* Router.swift in Sources */ = {isa = PBXBuildFile; fileRef = 1502882B2472211E00C794BC /* Router.swift */; };
		154B924F2526B3DD006C1E45 /* LotteryName.swift in Sources */ = {isa = PBXBuildFile; fileRef = 154B924E2526B3DD006C1E45 /* LotteryName.swift */; };
		154B92552526C074006C1E45 /* SenaConcourseData.swift in Sources */ = {isa = PBXBuildFile; fileRef = 150288342472240100C794BC /* SenaConcourseData.swift */; };
		154B925B2526C095006C1E45 /* FederalConcourseData.swift in Sources */ = {isa = PBXBuildFile; fileRef = 1502884A2472259A00C794BC /* FederalConcourseData.swift */; };
		154B92612526C09D006C1E45 /* NextGameWorker.swift in Sources */ = {isa = PBXBuildFile; fileRef = 150288362472242400C794BC /* NextGameWorker.swift */; };
		154B92672526C0AA006C1E45 /* MyExtensions.swift in Sources */ = {isa = PBXBuildFile; fileRef = 150288382472244400C794BC /* MyExtensions.swift */; };
		154B926D2526C0C0006C1E45 /* LotteryNetworkingWorker.swift in Sources */ = {isa = PBXBuildFile; fileRef = 1502883C247224BF00C794BC /* LotteryNetworkingWorker.swift */; };
		154B927325281172006C1E45 /* GameDetailModel.swift in Sources */ = {isa = PBXBuildFile; fileRef = 153AAE892477693700BA6827 /* GameDetailModel.swift */; };
		154B927925281961006C1E45 /* GameDetailData.swift in Sources */ = {isa = PBXBuildFile; fileRef = 1502886424722CAF00C794BC /* GameDetailData.swift */; };
		154B927F25281B25006C1E45 /* QuinaConcourseData.swift in Sources */ = {isa = PBXBuildFile; fileRef = 1502883E247224E900C794BC /* QuinaConcourseData.swift */; };
		154B92862528CFDF006C1E45 /* NetworkSuccessSpy.swift in Sources */ = {isa = PBXBuildFile; fileRef = 154B92852528CFDF006C1E45 /* NetworkSuccessSpy.swift */; };
		154B928D2528D068006C1E45 /* SenaLast.json in Resources */ = {isa = PBXBuildFile; fileRef = 154B928C2528D068006C1E45 /* SenaLast.json */; };
		154B9299252A1842006C1E45 /* ApiConfig.xcconfig in Resources */ = {isa = PBXBuildFile; fileRef = 1521CBA7248B320A00CFBBBF /* ApiConfig.xcconfig */; };
/* End PBXBuildFile section */

/* Begin PBXContainerItemProxy section */
		150287EF2472101900C794BC /* PBXContainerItemProxy */ = {
			isa = PBXContainerItemProxy;
			containerPortal = 150287E32472101900C794BC /* Project object */;
			proxyType = 1;
			remoteGlobalIDString = 150287EC2472101900C794BC;
			remoteInfo = "Loterias-Da-Sorte WatchKit App";
		};
		150287FE2472101A00C794BC /* PBXContainerItemProxy */ = {
			isa = PBXContainerItemProxy;
			containerPortal = 150287E32472101900C794BC /* Project object */;
			proxyType = 1;
			remoteGlobalIDString = 150287FB2472101A00C794BC;
			remoteInfo = "Loterias-Da-Sorte WatchKit Extension";
		};
		154B91E32526A486006C1E45 /* PBXContainerItemProxy */ = {
			isa = PBXContainerItemProxy;
			containerPortal = 150287E32472101900C794BC /* Project object */;
			proxyType = 1;
			remoteGlobalIDString = 154B9175252426D5006C1E45;
			remoteInfo = "Loterias-Da-Sorte-iOS";
		};
/* End PBXContainerItemProxy section */

/* Begin PBXCopyFilesBuildPhase section */
		150288142472101B00C794BC /* Embed App Extensions */ = {
			isa = PBXCopyFilesBuildPhase;
			buildActionMask = 2147483647;
			dstPath = "";
			dstSubfolderSpec = 13;
			files = (
				150287FD2472101A00C794BC /* Loterias-Da-Sorte WatchKit Extension.appex in Embed App Extensions */,
			);
			name = "Embed App Extensions";
			runOnlyForDeploymentPostprocessing = 0;
		};
		150288182472101B00C794BC /* Embed Watch Content */ = {
			isa = PBXCopyFilesBuildPhase;
			buildActionMask = 2147483647;
			dstPath = "$(CONTENTS_FOLDER_PATH)/Watch";
			dstSubfolderSpec = 16;
			files = (
				150287EE2472101900C794BC /* Loterias-Da-Sorte WatchKit App.app in Embed Watch Content */,
			);
			name = "Embed Watch Content";
			runOnlyForDeploymentPostprocessing = 0;
		};
/* End PBXCopyFilesBuildPhase section */

/* Begin PBXFileReference section */
		150287E92472101900C794BC /* Loterias-Da-Sorte.app */ = {isa = PBXFileReference; explicitFileType = wrapper.application; includeInIndex = 0; path = "Loterias-Da-Sorte.app"; sourceTree = BUILT_PRODUCTS_DIR; };
		150287ED2472101900C794BC /* Loterias-Da-Sorte WatchKit App.app */ = {isa = PBXFileReference; explicitFileType = wrapper.application; includeInIndex = 0; path = "Loterias-Da-Sorte WatchKit App.app"; sourceTree = BUILT_PRODUCTS_DIR; };
		150287F32472101900C794BC /* Base */ = {isa = PBXFileReference; lastKnownFileType = file.storyboard; name = Base; path = Base.lproj/Interface.storyboard; sourceTree = "<group>"; };
		150287F52472101A00C794BC /* Assets.xcassets */ = {isa = PBXFileReference; lastKnownFileType = folder.assetcatalog; path = Assets.xcassets; sourceTree = "<group>"; };
		150287F72472101A00C794BC /* Info.plist */ = {isa = PBXFileReference; lastKnownFileType = text.plist.xml; path = Info.plist; sourceTree = "<group>"; };
		150287FC2472101A00C794BC /* Loterias-Da-Sorte WatchKit Extension.appex */ = {isa = PBXFileReference; explicitFileType = "wrapper.app-extension"; includeInIndex = 0; path = "Loterias-Da-Sorte WatchKit Extension.appex"; sourceTree = BUILT_PRODUCTS_DIR; };
		150288012472101A00C794BC /* ContentView.swift */ = {isa = PBXFileReference; lastKnownFileType = sourcecode.swift; path = ContentView.swift; sourceTree = "<group>"; };
		150288032472101A00C794BC /* HostingController.swift */ = {isa = PBXFileReference; lastKnownFileType = sourcecode.swift; path = HostingController.swift; sourceTree = "<group>"; };
		150288052472101A00C794BC /* ExtensionDelegate.swift */ = {isa = PBXFileReference; lastKnownFileType = sourcecode.swift; path = ExtensionDelegate.swift; sourceTree = "<group>"; };
		150288072472101A00C794BC /* ComplicationController.swift */ = {isa = PBXFileReference; lastKnownFileType = sourcecode.swift; path = ComplicationController.swift; sourceTree = "<group>"; };
		150288092472101B00C794BC /* Assets.xcassets */ = {isa = PBXFileReference; lastKnownFileType = folder.assetcatalog; path = Assets.xcassets; sourceTree = "<group>"; };
		1502880C2472101B00C794BC /* Preview Assets.xcassets */ = {isa = PBXFileReference; lastKnownFileType = folder.assetcatalog; path = "Preview Assets.xcassets"; sourceTree = "<group>"; };
		1502880E2472101B00C794BC /* Info.plist */ = {isa = PBXFileReference; lastKnownFileType = text.plist.xml; path = Info.plist; sourceTree = "<group>"; };
		1502881C2472115100C794BC /* ContentViewData.swift */ = {isa = PBXFileReference; lastKnownFileType = sourcecode.swift; path = ContentViewData.swift; sourceTree = "<group>"; };
		1502881E247211CC00C794BC /* LotteryGames.swift */ = {isa = PBXFileReference; lastKnownFileType = sourcecode.swift; path = LotteryGames.swift; sourceTree = "<group>"; };
		150288202472120B00C794BC /* LotteryColor.swift */ = {isa = PBXFileReference; lastKnownFileType = sourcecode.swift; path = LotteryColor.swift; sourceTree = "<group>"; };
		150288222472178200C794BC /* MainView.swift */ = {isa = PBXFileReference; lastKnownFileType = sourcecode.swift; path = MainView.swift; sourceTree = "<group>"; };
		1502882424721DB500C794BC /* TypeOfGame.swift */ = {isa = PBXFileReference; lastKnownFileType = sourcecode.swift; path = TypeOfGame.swift; sourceTree = "<group>"; };
		1502882624721E5F00C794BC /* GameDetailView.swift */ = {isa = PBXFileReference; lastKnownFileType = sourcecode.swift; path = GameDetailView.swift; sourceTree = "<group>"; };
		150288292472210D00C794BC /* Requester.swift */ = {isa = PBXFileReference; lastKnownFileType = sourcecode.swift; path = Requester.swift; sourceTree = "<group>"; };
		1502882B2472211E00C794BC /* Router.swift */ = {isa = PBXFileReference; lastKnownFileType = sourcecode.swift; path = Router.swift; sourceTree = "<group>"; };
		1502882D2472213D00C794BC /* PlistKeys.swift */ = {isa = PBXFileReference; lastKnownFileType = sourcecode.swift; path = PlistKeys.swift; sourceTree = "<group>"; };
		1502882F2472217D00C794BC /* LotteryNetworkingError.swift */ = {isa = PBXFileReference; lastKnownFileType = sourcecode.swift; path = LotteryNetworkingError.swift; sourceTree = "<group>"; };
		150288342472240100C794BC /* SenaConcourseData.swift */ = {isa = PBXFileReference; lastKnownFileType = sourcecode.swift; path = SenaConcourseData.swift; sourceTree = "<group>"; };
		150288362472242400C794BC /* NextGameWorker.swift */ = {isa = PBXFileReference; lastKnownFileType = sourcecode.swift; path = NextGameWorker.swift; sourceTree = "<group>"; };
		150288382472244400C794BC /* MyExtensions.swift */ = {isa = PBXFileReference; lastKnownFileType = sourcecode.swift; path = MyExtensions.swift; sourceTree = "<group>"; };
		1502883C247224BF00C794BC /* LotteryNetworkingWorker.swift */ = {isa = PBXFileReference; lastKnownFileType = sourcecode.swift; path = LotteryNetworkingWorker.swift; sourceTree = "<group>"; };
		1502883E247224E900C794BC /* QuinaConcourseData.swift */ = {isa = PBXFileReference; lastKnownFileType = sourcecode.swift; path = QuinaConcourseData.swift; sourceTree = "<group>"; };
		150288402472251000C794BC /* LotofacilConcourseData.swift */ = {isa = PBXFileReference; lastKnownFileType = sourcecode.swift; path = LotofacilConcourseData.swift; sourceTree = "<group>"; };
		150288422472254500C794BC /* LotomaniaConcourseData.swift */ = {isa = PBXFileReference; lastKnownFileType = sourcecode.swift; path = LotomaniaConcourseData.swift; sourceTree = "<group>"; };
		150288442472256200C794BC /* TimemaniaConcourseData.swift */ = {isa = PBXFileReference; lastKnownFileType = sourcecode.swift; path = TimemaniaConcourseData.swift; sourceTree = "<group>"; };
		150288462472257800C794BC /* DuplaSenaConcourseData.swift */ = {isa = PBXFileReference; lastKnownFileType = sourcecode.swift; path = DuplaSenaConcourseData.swift; sourceTree = "<group>"; };
		150288482472258F00C794BC /* DiaDeSorteConcourseData.swift */ = {isa = PBXFileReference; lastKnownFileType = sourcecode.swift; path = DiaDeSorteConcourseData.swift; sourceTree = "<group>"; };
		1502884A2472259A00C794BC /* FederalConcourseData.swift */ = {isa = PBXFileReference; lastKnownFileType = sourcecode.swift; path = FederalConcourseData.swift; sourceTree = "<group>"; };
		1502885E2472284800C794BC /* GameDetailRequester.swift */ = {isa = PBXFileReference; lastKnownFileType = sourcecode.swift; path = GameDetailRequester.swift; sourceTree = "<group>"; };
		1502886224722BC800C794BC /* FirstStyleTable.swift */ = {isa = PBXFileReference; lastKnownFileType = sourcecode.swift; path = FirstStyleTable.swift; sourceTree = "<group>"; };
		1502886424722CAF00C794BC /* GameDetailData.swift */ = {isa = PBXFileReference; lastKnownFileType = sourcecode.swift; path = GameDetailData.swift; sourceTree = "<group>"; };
		15028866247235BA00C794BC /* Extensions.swift */ = {isa = PBXFileReference; lastKnownFileType = sourcecode.swift; path = Extensions.swift; sourceTree = "<group>"; };
		15115E1A247363C00058E308 /* ThirdStyleView.swift */ = {isa = PBXFileReference; lastKnownFileType = sourcecode.swift; path = ThirdStyleView.swift; sourceTree = "<group>"; };
		151F9DAE24723AC90023B57D /* SecondStyleView.swift */ = {isa = PBXFileReference; lastKnownFileType = sourcecode.swift; path = SecondStyleView.swift; sourceTree = "<group>"; };
		1521CBA7248B320A00CFBBBF /* ApiConfig.xcconfig */ = {isa = PBXFileReference; lastKnownFileType = text.xcconfig; name = ApiConfig.xcconfig; path = "../Loterias-Da-Sorte-WatchKit App/ApiConfig.xcconfig"; sourceTree = "<group>"; };
		153AAE7F24773B9000BA6827 /* SettingsView.swift */ = {isa = PBXFileReference; lastKnownFileType = sourcecode.swift; path = SettingsView.swift; sourceTree = "<group>"; };
		153AAE832477445D00BA6827 /* NextGameView.swift */ = {isa = PBXFileReference; lastKnownFileType = sourcecode.swift; path = NextGameView.swift; sourceTree = "<group>"; };
		153AAE892477693700BA6827 /* GameDetailModel.swift */ = {isa = PBXFileReference; lastKnownFileType = sourcecode.swift; path = GameDetailModel.swift; sourceTree = "<group>"; };
		154B9176252426D5006C1E45 /* Loterias-Da-Sorte-iOS.app */ = {isa = PBXFileReference; explicitFileType = wrapper.application; includeInIndex = 0; path = "Loterias-Da-Sorte-iOS.app"; sourceTree = BUILT_PRODUCTS_DIR; };
		154B9178252426D5006C1E45 /* Loterias_Da_Sorte_iOSApp.swift */ = {isa = PBXFileReference; lastKnownFileType = sourcecode.swift; path = Loterias_Da_Sorte_iOSApp.swift; sourceTree = "<group>"; };
		154B917A252426D5006C1E45 /* ContentView.swift */ = {isa = PBXFileReference; lastKnownFileType = sourcecode.swift; path = ContentView.swift; sourceTree = "<group>"; };
		154B917C252426D6006C1E45 /* Assets.xcassets */ = {isa = PBXFileReference; lastKnownFileType = folder.assetcatalog; path = Assets.xcassets; sourceTree = "<group>"; };
		154B917F252426D6006C1E45 /* Preview Assets.xcassets */ = {isa = PBXFileReference; lastKnownFileType = folder.assetcatalog; path = "Preview Assets.xcassets"; sourceTree = "<group>"; };
		154B9181252426D6006C1E45 /* Persistence.swift */ = {isa = PBXFileReference; lastKnownFileType = sourcecode.swift; path = Persistence.swift; sourceTree = "<group>"; };
		154B9184252426D6006C1E45 /* Loterias_Da_Sorte_iOS.xcdatamodel */ = {isa = PBXFileReference; lastKnownFileType = wrapper.xcdatamodel; path = Loterias_Da_Sorte_iOS.xcdatamodel; sourceTree = "<group>"; };
		154B9186252426D6006C1E45 /* Info.plist */ = {isa = PBXFileReference; lastKnownFileType = text.plist.xml; path = Info.plist; sourceTree = "<group>"; };
		154B919225242B38006C1E45 /* MainLotteryView.swift */ = {isa = PBXFileReference; lastKnownFileType = sourcecode.swift; path = MainLotteryView.swift; sourceTree = "<group>"; };
		154B919C25242B93006C1E45 /* SavedGamesView.swift */ = {isa = PBXFileReference; lastKnownFileType = sourcecode.swift; path = SavedGamesView.swift; sourceTree = "<group>"; };
		154B91A225242BA9006C1E45 /* SettingView.swift */ = {isa = PBXFileReference; lastKnownFileType = sourcecode.swift; path = SettingView.swift; sourceTree = "<group>"; };
		154B91A825269F0B006C1E45 /* NetworkService.swift */ = {isa = PBXFileReference; lastKnownFileType = sourcecode.swift; path = NetworkService.swift; sourceTree = "<group>"; };
		154B91CE2526A3D0006C1E45 /* NetworkServiceProtocol.swift */ = {isa = PBXFileReference; lastKnownFileType = sourcecode.swift; path = NetworkServiceProtocol.swift; sourceTree = "<group>"; };
		154B91D42526A3E7006C1E45 /* NetworkServiceError.swift */ = {isa = PBXFileReference; lastKnownFileType = sourcecode.swift; path = NetworkServiceError.swift; sourceTree = "<group>"; };
		154B91DE2526A486006C1E45 /* Loterias-Da-Sorte-iOSTests.xctest */ = {isa = PBXFileReference; explicitFileType = wrapper.cfbundle; includeInIndex = 0; path = "Loterias-Da-Sorte-iOSTests.xctest"; sourceTree = BUILT_PRODUCTS_DIR; };
		154B91E02526A486006C1E45 /* Loterias_Da_Sorte_iOSTests.swift */ = {isa = PBXFileReference; lastKnownFileType = sourcecode.swift; path = Loterias_Da_Sorte_iOSTests.swift; sourceTree = "<group>"; };
		154B91E22526A486006C1E45 /* Info.plist */ = {isa = PBXFileReference; lastKnownFileType = text.plist.xml; path = Info.plist; sourceTree = "<group>"; };
		154B921C2526A5E9006C1E45 /* LastGamesResultsInteractor.swift */ = {isa = PBXFileReference; lastKnownFileType = sourcecode.swift; path = LastGamesResultsInteractor.swift; sourceTree = "<group>"; };
		154B92242526B0B9006C1E45 /* LotteryNetworkService.swift */ = {isa = PBXFileReference; lastKnownFileType = sourcecode.swift; path = LotteryNetworkService.swift; sourceTree = "<group>"; };
		154B924E2526B3DD006C1E45 /* LotteryName.swift */ = {isa = PBXFileReference; lastKnownFileType = sourcecode.swift; path = LotteryName.swift; sourceTree = "<group>"; };
		154B92852528CFDF006C1E45 /* NetworkSuccessSpy.swift */ = {isa = PBXFileReference; lastKnownFileType = sourcecode.swift; path = NetworkSuccessSpy.swift; sourceTree = "<group>"; };
		154B928C2528D068006C1E45 /* SenaLast.json */ = {isa = PBXFileReference; fileEncoding = 4; lastKnownFileType = text.json; path = SenaLast.json; sourceTree = "<group>"; };
/* End PBXFileReference section */

/* Begin PBXFrameworksBuildPhase section */
		150287F92472101A00C794BC /* Frameworks */ = {
			isa = PBXFrameworksBuildPhase;
			buildActionMask = 2147483647;
			files = (
			);
			runOnlyForDeploymentPostprocessing = 0;
		};
		154B9173252426D5006C1E45 /* Frameworks */ = {
			isa = PBXFrameworksBuildPhase;
			buildActionMask = 2147483647;
			files = (
			);
			runOnlyForDeploymentPostprocessing = 0;
		};
		154B91DB2526A486006C1E45 /* Frameworks */ = {
			isa = PBXFrameworksBuildPhase;
			buildActionMask = 2147483647;
			files = (
			);
			runOnlyForDeploymentPostprocessing = 0;
		};
/* End PBXFrameworksBuildPhase section */

/* Begin PBXGroup section */
		150287E22472101900C794BC = {
			isa = PBXGroup;
			children = (
				150287F12472101900C794BC /* Loterias-Da-Sorte-WatchKit App */,
				150288002472101A00C794BC /* Loterias-Da-Sorte WatchKit Extension */,
				154B9177252426D5006C1E45 /* Loterias-Da-Sorte-iOS */,
				154B91DF2526A486006C1E45 /* Loterias-Da-Sorte-iOSTests */,
				150287EA2472101900C794BC /* Products */,
			);
			sourceTree = "<group>";
		};
		150287EA2472101900C794BC /* Products */ = {
			isa = PBXGroup;
			children = (
				150287E92472101900C794BC /* Loterias-Da-Sorte.app */,
				150287ED2472101900C794BC /* Loterias-Da-Sorte WatchKit App.app */,
				150287FC2472101A00C794BC /* Loterias-Da-Sorte WatchKit Extension.appex */,
				154B9176252426D5006C1E45 /* Loterias-Da-Sorte-iOS.app */,
				154B91DE2526A486006C1E45 /* Loterias-Da-Sorte-iOSTests.xctest */,
			);
			name = Products;
			sourceTree = "<group>";
		};
		150287F12472101900C794BC /* Loterias-Da-Sorte-WatchKit App */ = {
			isa = PBXGroup;
			children = (
				150287F22472101900C794BC /* Interface.storyboard */,
				150287F52472101A00C794BC /* Assets.xcassets */,
				150287F72472101A00C794BC /* Info.plist */,
			);
			path = "Loterias-Da-Sorte-WatchKit App";
			sourceTree = "<group>";
		};
		150288002472101A00C794BC /* Loterias-Da-Sorte WatchKit Extension */ = {
			isa = PBXGroup;
			children = (
				1521CBA7248B320A00CFBBBF /* ApiConfig.xcconfig */,
				150288092472101B00C794BC /* Assets.xcassets */,
				151F9DAB24723A160023B57D /* Complication */,
				151F9DAD24723A4F0023B57D /* Delegate */,
				151F9DA8247239D40023B57D /* DetailViews */,
				151F9DAC24723A3C0023B57D /* ExtensionsAndHelpers */,
				151F9DAA247239FF0023B57D /* HostingController */,
				1502880E2472101B00C794BC /* Info.plist */,
				151F9DA9247239F30023B57D /* LotteryNamesView */,
				151F9DA7247239C00023B57D /* MainView */,
				1502884C247225C200C794BC /* Models */,
				15028828247220FC00C794BC /* Networking */,
				153AAE8824775ADE00BA6827 /* NextGame */,
				1502880B2472101B00C794BC /* Preview Content */,
				153AAE8724775AD700BA6827 /* Settings */,
			);
			path = "Loterias-Da-Sorte WatchKit Extension";
			sourceTree = "<group>";
		};
		1502880B2472101B00C794BC /* Preview Content */ = {
			isa = PBXGroup;
			children = (
				1502880C2472101B00C794BC /* Preview Assets.xcassets */,
			);
			path = "Preview Content";
			sourceTree = "<group>";
		};
		15028828247220FC00C794BC /* Networking */ = {
			isa = PBXGroup;
			children = (
				150288292472210D00C794BC /* Requester.swift */,
				1502882B2472211E00C794BC /* Router.swift */,
				1502882D2472213D00C794BC /* PlistKeys.swift */,
				1502882F2472217D00C794BC /* LotteryNetworkingError.swift */,
				1502885E2472284800C794BC /* GameDetailRequester.swift */,
			);
			path = Networking;
			sourceTree = "<group>";
		};
		15028833247223DE00C794BC /* Models */ = {
			isa = PBXGroup;
			children = (
				1502886424722CAF00C794BC /* GameDetailData.swift */,
				1502881E247211CC00C794BC /* LotteryGames.swift */,
				150288342472240100C794BC /* SenaConcourseData.swift */,
				150288362472242400C794BC /* NextGameWorker.swift */,
				1502883C247224BF00C794BC /* LotteryNetworkingWorker.swift */,
				1502883E247224E900C794BC /* QuinaConcourseData.swift */,
				150288402472251000C794BC /* LotofacilConcourseData.swift */,
				150288422472254500C794BC /* LotomaniaConcourseData.swift */,
				150288442472256200C794BC /* TimemaniaConcourseData.swift */,
				150288462472257800C794BC /* DuplaSenaConcourseData.swift */,
				150288482472258F00C794BC /* DiaDeSorteConcourseData.swift */,
				1502884A2472259A00C794BC /* FederalConcourseData.swift */,
				153AAE892477693700BA6827 /* GameDetailModel.swift */,
			);
			path = Models;
			sourceTree = "<group>";
		};
		1502884C247225C200C794BC /* Models */ = {
			isa = PBXGroup;
			children = (
				15028833247223DE00C794BC /* Models */,
			);
			path = Models;
			sourceTree = "<group>";
		};
		151F9DA7247239C00023B57D /* MainView */ = {
			isa = PBXGroup;
			children = (
				1502882424721DB500C794BC /* TypeOfGame.swift */,
				150288222472178200C794BC /* MainView.swift */,
			);
			path = MainView;
			sourceTree = "<group>";
		};
		151F9DA8247239D40023B57D /* DetailViews */ = {
			isa = PBXGroup;
			children = (
				1502882624721E5F00C794BC /* GameDetailView.swift */,
				1502886224722BC800C794BC /* FirstStyleTable.swift */,
				15115E1A247363C00058E308 /* ThirdStyleView.swift */,
				151F9DAE24723AC90023B57D /* SecondStyleView.swift */,
			);
			path = DetailViews;
			sourceTree = "<group>";
		};
		151F9DA9247239F30023B57D /* LotteryNamesView */ = {
			isa = PBXGroup;
			children = (
				150288012472101A00C794BC /* ContentView.swift */,
				1502881C2472115100C794BC /* ContentViewData.swift */,
			);
			path = LotteryNamesView;
			sourceTree = "<group>";
		};
		151F9DAA247239FF0023B57D /* HostingController */ = {
			isa = PBXGroup;
			children = (
				150288032472101A00C794BC /* HostingController.swift */,
			);
			path = HostingController;
			sourceTree = "<group>";
		};
		151F9DAB24723A160023B57D /* Complication */ = {
			isa = PBXGroup;
			children = (
				150288072472101A00C794BC /* ComplicationController.swift */,
			);
			path = Complication;
			sourceTree = "<group>";
		};
		151F9DAC24723A3C0023B57D /* ExtensionsAndHelpers */ = {
			isa = PBXGroup;
			children = (
				150288202472120B00C794BC /* LotteryColor.swift */,
				150288382472244400C794BC /* MyExtensions.swift */,
				15028866247235BA00C794BC /* Extensions.swift */,
			);
			path = ExtensionsAndHelpers;
			sourceTree = "<group>";
		};
		151F9DAD24723A4F0023B57D /* Delegate */ = {
			isa = PBXGroup;
			children = (
				150288052472101A00C794BC /* ExtensionDelegate.swift */,
			);
			path = Delegate;
			sourceTree = "<group>";
		};
		153AAE8724775AD700BA6827 /* Settings */ = {
			isa = PBXGroup;
			children = (
				153AAE7F24773B9000BA6827 /* SettingsView.swift */,
			);
			path = Settings;
			sourceTree = "<group>";
		};
		153AAE8824775ADE00BA6827 /* NextGame */ = {
			isa = PBXGroup;
			children = (
				153AAE832477445D00BA6827 /* NextGameView.swift */,
			);
			path = NextGame;
			sourceTree = "<group>";
		};
		154B9177252426D5006C1E45 /* Loterias-Da-Sorte-iOS */ = {
			isa = PBXGroup;
			children = (
				154B92932528D06C006C1E45 /* JSON-Files */,
				154B91FA2526A52E006C1E45 /* Application */,
				154B917C252426D6006C1E45 /* Assets.xcassets */,
				154B92002526A540006C1E45 /* PersistenceLayer */,
				154B9186252426D6006C1E45 /* Info.plist */,
				154B9183252426D6006C1E45 /* Loterias_Da_Sorte_iOS.xcdatamodeld */,
				154B917E252426D6006C1E45 /* Preview Content */,
				154B91ED2526A512006C1E45 /* MainLotteryView */,
				154B91F32526A519006C1E45 /* SavedGamesView */,
				154B91F42526A51E006C1E45 /* SettingsView */,
				154B91C92526A3B6006C1E45 /* NetworkService */,
				154B924E2526B3DD006C1E45 /* LotteryName.swift */,
			);
			path = "Loterias-Da-Sorte-iOS";
			sourceTree = "<group>";
		};
		154B917E252426D6006C1E45 /* Preview Content */ = {
			isa = PBXGroup;
			children = (
				154B917F252426D6006C1E45 /* Preview Assets.xcassets */,
			);
			path = "Preview Content";
			sourceTree = "<group>";
		};
		154B91C92526A3B6006C1E45 /* NetworkService */ = {
			isa = PBXGroup;
			children = (
				154B92232526B0A9006C1E45 /* RawNetwork */,
				154B92302526B0D4006C1E45 /* LotteryNetwork */,
			);
			path = NetworkService;
			sourceTree = "<group>";
		};
		154B91DF2526A486006C1E45 /* Loterias-Da-Sorte-iOSTests */ = {
			isa = PBXGroup;
			children = (
				154B92062526A556006C1E45 /* NetworkLayerProtocolTest */,
				154B91E22526A486006C1E45 /* Info.plist */,
			);
			path = "Loterias-Da-Sorte-iOSTests";
			sourceTree = "<group>";
		};
		154B91ED2526A512006C1E45 /* MainLotteryView */ = {
			isa = PBXGroup;
			children = (
				154B919225242B38006C1E45 /* MainLotteryView.swift */,
				154B921C2526A5E9006C1E45 /* LastGamesResultsInteractor.swift */,
			);
			path = MainLotteryView;
			sourceTree = "<group>";
		};
		154B91F32526A519006C1E45 /* SavedGamesView */ = {
			isa = PBXGroup;
			children = (
				154B919C25242B93006C1E45 /* SavedGamesView.swift */,
			);
			path = SavedGamesView;
			sourceTree = "<group>";
		};
		154B91F42526A51E006C1E45 /* SettingsView */ = {
			isa = PBXGroup;
			children = (
				154B91A225242BA9006C1E45 /* SettingView.swift */,
			);
			path = SettingsView;
			sourceTree = "<group>";
		};
		154B91FA2526A52E006C1E45 /* Application */ = {
			isa = PBXGroup;
			children = (
				154B917A252426D5006C1E45 /* ContentView.swift */,
				154B9178252426D5006C1E45 /* Loterias_Da_Sorte_iOSApp.swift */,
			);
			path = Application;
			sourceTree = "<group>";
		};
		154B92002526A540006C1E45 /* PersistenceLayer */ = {
			isa = PBXGroup;
			children = (
				154B9181252426D6006C1E45 /* Persistence.swift */,
			);
			path = PersistenceLayer;
			sourceTree = "<group>";
		};
		154B92062526A556006C1E45 /* NetworkLayerProtocolTest */ = {
			isa = PBXGroup;
			children = (
				154B92112526A572006C1E45 /* Tests */,
			);
			path = NetworkLayerProtocolTest;
			sourceTree = "<group>";
		};
		154B92112526A572006C1E45 /* Tests */ = {
			isa = PBXGroup;
			children = (
				154B91E02526A486006C1E45 /* Loterias_Da_Sorte_iOSTests.swift */,
				154B92852528CFDF006C1E45 /* NetworkSuccessSpy.swift */,
			);
			path = Tests;
			sourceTree = "<group>";
		};
		154B92232526B0A9006C1E45 /* RawNetwork */ = {
			isa = PBXGroup;
			children = (
				154B91A825269F0B006C1E45 /* NetworkService.swift */,
				154B91CE2526A3D0006C1E45 /* NetworkServiceProtocol.swift */,
				154B91D42526A3E7006C1E45 /* NetworkServiceError.swift */,
			);
			path = RawNetwork;
			sourceTree = "<group>";
		};
		154B92302526B0D4006C1E45 /* LotteryNetwork */ = {
			isa = PBXGroup;
			children = (
				154B92242526B0B9006C1E45 /* LotteryNetworkService.swift */,
			);
			path = LotteryNetwork;
			sourceTree = "<group>";
		};
		154B92932528D06C006C1E45 /* JSON-Files */ = {
			isa = PBXGroup;
			children = (
				154B928C2528D068006C1E45 /* SenaLast.json */,
			);
			path = "JSON-Files";
			sourceTree = "<group>";
		};
/* End PBXGroup section */

/* Begin PBXNativeTarget section */
		150287E82472101900C794BC /* Loterias-Da-Sorte */ = {
			isa = PBXNativeTarget;
			buildConfigurationList = 150288192472101B00C794BC /* Build configuration list for PBXNativeTarget "Loterias-Da-Sorte" */;
			buildPhases = (
				150287E72472101900C794BC /* Resources */,
				150288182472101B00C794BC /* Embed Watch Content */,
			);
			buildRules = (
			);
			dependencies = (
				150287F02472101900C794BC /* PBXTargetDependency */,
			);
			name = "Loterias-Da-Sorte";
			productName = "Loterias-Da-Sorte";
			productReference = 150287E92472101900C794BC /* Loterias-Da-Sorte.app */;
			productType = "com.apple.product-type.application.watchapp2-container";
		};
		150287EC2472101900C794BC /* Loterias-Da-Sorte WatchKit App */ = {
			isa = PBXNativeTarget;
			buildConfigurationList = 150288152472101B00C794BC /* Build configuration list for PBXNativeTarget "Loterias-Da-Sorte WatchKit App" */;
			buildPhases = (
				150287EB2472101900C794BC /* Resources */,
				150288142472101B00C794BC /* Embed App Extensions */,
			);
			buildRules = (
			);
			dependencies = (
				150287FF2472101A00C794BC /* PBXTargetDependency */,
			);
			name = "Loterias-Da-Sorte WatchKit App";
			productName = "Loterias-Da-Sorte WatchKit App";
			productReference = 150287ED2472101900C794BC /* Loterias-Da-Sorte WatchKit App.app */;
			productType = "com.apple.product-type.application.watchapp2";
		};
		150287FB2472101A00C794BC /* Loterias-Da-Sorte WatchKit Extension */ = {
			isa = PBXNativeTarget;
			buildConfigurationList = 150288112472101B00C794BC /* Build configuration list for PBXNativeTarget "Loterias-Da-Sorte WatchKit Extension" */;
			buildPhases = (
				150287F82472101A00C794BC /* Sources */,
				150287F92472101A00C794BC /* Frameworks */,
				150287FA2472101A00C794BC /* Resources */,
			);
			buildRules = (
			);
			dependencies = (
			);
			name = "Loterias-Da-Sorte WatchKit Extension";
			productName = "Loterias-Da-Sorte WatchKit Extension";
			productReference = 150287FC2472101A00C794BC /* Loterias-Da-Sorte WatchKit Extension.appex */;
			productType = "com.apple.product-type.watchkit2-extension";
		};
		154B9175252426D5006C1E45 /* Loterias-Da-Sorte-iOS */ = {
			isa = PBXNativeTarget;
			buildConfigurationList = 154B9189252426D6006C1E45 /* Build configuration list for PBXNativeTarget "Loterias-Da-Sorte-iOS" */;
			buildPhases = (
				154B9172252426D5006C1E45 /* Sources */,
				154B9173252426D5006C1E45 /* Frameworks */,
				154B9174252426D5006C1E45 /* Resources */,
			);
			buildRules = (
			);
			dependencies = (
			);
			name = "Loterias-Da-Sorte-iOS";
			productName = "Loterias-Da-Sorte-iOS";
			productReference = 154B9176252426D5006C1E45 /* Loterias-Da-Sorte-iOS.app */;
			productType = "com.apple.product-type.application";
		};
		154B91DD2526A486006C1E45 /* Loterias-Da-Sorte-iOSTests */ = {
			isa = PBXNativeTarget;
			buildConfigurationList = 154B91E52526A486006C1E45 /* Build configuration list for PBXNativeTarget "Loterias-Da-Sorte-iOSTests" */;
			buildPhases = (
				154B91DA2526A486006C1E45 /* Sources */,
				154B91DB2526A486006C1E45 /* Frameworks */,
				154B91DC2526A486006C1E45 /* Resources */,
			);
			buildRules = (
			);
			dependencies = (
				154B91E42526A486006C1E45 /* PBXTargetDependency */,
			);
			name = "Loterias-Da-Sorte-iOSTests";
			productName = "Loterias-Da-Sorte-iOSTests";
			productReference = 154B91DE2526A486006C1E45 /* Loterias-Da-Sorte-iOSTests.xctest */;
			productType = "com.apple.product-type.bundle.unit-test";
		};
/* End PBXNativeTarget section */

/* Begin PBXProject section */
		150287E32472101900C794BC /* Project object */ = {
			isa = PBXProject;
			attributes = {
				LastSwiftUpdateCheck = 1200;
				LastUpgradeCheck = 1150;
				ORGANIZATIONNAME = "Gabriel Sória Souza";
				TargetAttributes = {
					150287E82472101900C794BC = {
						CreatedOnToolsVersion = 11.5;
					};
					150287EC2472101900C794BC = {
						CreatedOnToolsVersion = 11.5;
					};
					150287FB2472101A00C794BC = {
						CreatedOnToolsVersion = 11.5;
					};
					154B9175252426D5006C1E45 = {
						CreatedOnToolsVersion = 12.0.1;
					};
					154B91DD2526A486006C1E45 = {
						CreatedOnToolsVersion = 12.0.1;
						TestTargetID = 154B9175252426D5006C1E45;
					};
				};
			};
			buildConfigurationList = 150287E62472101900C794BC /* Build configuration list for PBXProject "Loterias-Da-Sorte" */;
			compatibilityVersion = "Xcode 9.3";
			developmentRegion = en;
			hasScannedForEncodings = 0;
			knownRegions = (
				en,
				Base,
			);
			mainGroup = 150287E22472101900C794BC;
			productRefGroup = 150287EA2472101900C794BC /* Products */;
			projectDirPath = "";
			projectRoot = "";
			targets = (
				150287E82472101900C794BC /* Loterias-Da-Sorte */,
				150287EC2472101900C794BC /* Loterias-Da-Sorte WatchKit App */,
				150287FB2472101A00C794BC /* Loterias-Da-Sorte WatchKit Extension */,
				154B9175252426D5006C1E45 /* Loterias-Da-Sorte-iOS */,
				154B91DD2526A486006C1E45 /* Loterias-Da-Sorte-iOSTests */,
			);
		};
/* End PBXProject section */

/* Begin PBXResourcesBuildPhase section */
		150287E72472101900C794BC /* Resources */ = {
			isa = PBXResourcesBuildPhase;
			buildActionMask = 2147483647;
			files = (
			);
			runOnlyForDeploymentPostprocessing = 0;
		};
		150287EB2472101900C794BC /* Resources */ = {
			isa = PBXResourcesBuildPhase;
			buildActionMask = 2147483647;
			files = (
				150287F62472101A00C794BC /* Assets.xcassets in Resources */,
				150287F42472101900C794BC /* Interface.storyboard in Resources */,
				1521CBA9248B360000CFBBBF /* ApiConfig.xcconfig in Resources */,
			);
			runOnlyForDeploymentPostprocessing = 0;
		};
		150287FA2472101A00C794BC /* Resources */ = {
			isa = PBXResourcesBuildPhase;
			buildActionMask = 2147483647;
			files = (
				1502880D2472101B00C794BC /* Preview Assets.xcassets in Resources */,
				1502880A2472101B00C794BC /* Assets.xcassets in Resources */,
				1521CBA8248B35FE00CFBBBF /* ApiConfig.xcconfig in Resources */,
			);
			runOnlyForDeploymentPostprocessing = 0;
		};
		154B9174252426D5006C1E45 /* Resources */ = {
			isa = PBXResourcesBuildPhase;
			buildActionMask = 2147483647;
			files = (
				154B928D2528D068006C1E45 /* SenaLast.json in Resources */,
				154B9299252A1842006C1E45 /* ApiConfig.xcconfig in Resources */,
				154B9180252426D6006C1E45 /* Preview Assets.xcassets in Resources */,
				154B917D252426D6006C1E45 /* Assets.xcassets in Resources */,
			);
			runOnlyForDeploymentPostprocessing = 0;
		};
		154B91DC2526A486006C1E45 /* Resources */ = {
			isa = PBXResourcesBuildPhase;
			buildActionMask = 2147483647;
			files = (
			);
			runOnlyForDeploymentPostprocessing = 0;
		};
/* End PBXResourcesBuildPhase section */

/* Begin PBXSourcesBuildPhase section */
		150287F82472101A00C794BC /* Sources */ = {
			isa = PBXSourcesBuildPhase;
			buildActionMask = 2147483647;
			files = (
				151F9DAF24723AC90023B57D /* SecondStyleView.swift in Sources */,
				150288042472101A00C794BC /* HostingController.swift in Sources */,
				15115E1B247363C00058E308 /* ThirdStyleView.swift in Sources */,
				150288492472258F00C794BC /* DiaDeSorteConcourseData.swift in Sources */,
				1502883D247224BF00C794BC /* LotteryNetworkingWorker.swift in Sources */,
				153AAE8024773B9000BA6827 /* SettingsView.swift in Sources */,
				150288472472257800C794BC /* DuplaSenaConcourseData.swift in Sources */,
				1502882524721DB500C794BC /* TypeOfGame.swift in Sources */,
				1502886324722BC800C794BC /* FirstStyleTable.swift in Sources */,
				150288412472251000C794BC /* LotofacilConcourseData.swift in Sources */,
				150288232472178200C794BC /* MainView.swift in Sources */,
				1502882E2472213D00C794BC /* PlistKeys.swift in Sources */,
				150288352472240100C794BC /* SenaConcourseData.swift in Sources */,
				150288432472254500C794BC /* LotomaniaConcourseData.swift in Sources */,
				1502882724721E5F00C794BC /* GameDetailView.swift in Sources */,
				1502882C2472211E00C794BC /* Router.swift in Sources */,
				1502881F247211CC00C794BC /* LotteryGames.swift in Sources */,
				150288082472101A00C794BC /* ComplicationController.swift in Sources */,
				150288302472217D00C794BC /* LotteryNetworkingError.swift in Sources */,
				153AAE8A2477693700BA6827 /* GameDetailModel.swift in Sources */,
				150288022472101A00C794BC /* ContentView.swift in Sources */,
				150288452472256200C794BC /* TimemaniaConcourseData.swift in Sources */,
				1502881D2472115100C794BC /* ContentViewData.swift in Sources */,
				1502883F247224E900C794BC /* QuinaConcourseData.swift in Sources */,
				150288212472120B00C794BC /* LotteryColor.swift in Sources */,
				1502882A2472210D00C794BC /* Requester.swift in Sources */,
				150288392472244400C794BC /* MyExtensions.swift in Sources */,
				150288062472101A00C794BC /* ExtensionDelegate.swift in Sources */,
				1502886524722CAF00C794BC /* GameDetailData.swift in Sources */,
				1502884B2472259A00C794BC /* FederalConcourseData.swift in Sources */,
				150288372472242400C794BC /* NextGameWorker.swift in Sources */,
				15028867247235BA00C794BC /* Extensions.swift in Sources */,
				153AAE842477445D00BA6827 /* NextGameView.swift in Sources */,
				1502885F2472284800C794BC /* GameDetailRequester.swift in Sources */,
			);
			runOnlyForDeploymentPostprocessing = 0;
		};
		154B9172252426D5006C1E45 /* Sources */ = {
			isa = PBXSourcesBuildPhase;
			buildActionMask = 2147483647;
			files = (
				154B927F25281B25006C1E45 /* QuinaConcourseData.swift in Sources */,
				154B92672526C0AA006C1E45 /* MyExtensions.swift in Sources */,
				154B92252526B0B9006C1E45 /* LotteryNetworkService.swift in Sources */,
				154B9182252426D6006C1E45 /* Persistence.swift in Sources */,
				154B919325242B38006C1E45 /* MainLotteryView.swift in Sources */,
				154B91A925269F0B006C1E45 /* NetworkService.swift in Sources */,
				154B924F2526B3DD006C1E45 /* LotteryName.swift in Sources */,
				154B925B2526C095006C1E45 /* FederalConcourseData.swift in Sources */,
				154B919D25242B93006C1E45 /* SavedGamesView.swift in Sources */,
				154B91A325242BA9006C1E45 /* SettingView.swift in Sources */,
				154B91D52526A3E8006C1E45 /* NetworkServiceError.swift in Sources */,
				154B92362526B357006C1E45 /* LotteryColor.swift in Sources */,
				154B927325281172006C1E45 /* GameDetailModel.swift in Sources */,
				154B92612526C09D006C1E45 /* NextGameWorker.swift in Sources */,
				154B92482526B391006C1E45 /* Router.swift in Sources */,
				154B927925281961006C1E45 /* GameDetailData.swift in Sources */,
				154B91CF2526A3D0006C1E45 /* NetworkServiceProtocol.swift in Sources */,
				154B917B252426D5006C1E45 /* ContentView.swift in Sources */,
				154B9179252426D5006C1E45 /* Loterias_Da_Sorte_iOSApp.swift in Sources */,
				154B9185252426D6006C1E45 /* Loterias_Da_Sorte_iOS.xcdatamodeld in Sources */,
				154B926D2526C0C0006C1E45 /* LotteryNetworkingWorker.swift in Sources */,
				154B92552526C074006C1E45 /* SenaConcourseData.swift in Sources */,
				154B921D2526A5E9006C1E45 /* LastGamesResultsInteractor.swift in Sources */,
				154B923C2526B35B006C1E45 /* LotteryGames.swift in Sources */,
				154B92422526B380006C1E45 /* PlistKeys.swift in Sources */,
			);
			runOnlyForDeploymentPostprocessing = 0;
		};
		154B91DA2526A486006C1E45 /* Sources */ = {
			isa = PBXSourcesBuildPhase;
			buildActionMask = 2147483647;
			files = (
				154B91E12526A486006C1E45 /* Loterias_Da_Sorte_iOSTests.swift in Sources */,
				154B92862528CFDF006C1E45 /* NetworkSuccessSpy.swift in Sources */,
			);
			runOnlyForDeploymentPostprocessing = 0;
		};
/* End PBXSourcesBuildPhase section */

/* Begin PBXTargetDependency section */
		150287F02472101900C794BC /* PBXTargetDependency */ = {
			isa = PBXTargetDependency;
			target = 150287EC2472101900C794BC /* Loterias-Da-Sorte WatchKit App */;
			targetProxy = 150287EF2472101900C794BC /* PBXContainerItemProxy */;
		};
		150287FF2472101A00C794BC /* PBXTargetDependency */ = {
			isa = PBXTargetDependency;
			target = 150287FB2472101A00C794BC /* Loterias-Da-Sorte WatchKit Extension */;
			targetProxy = 150287FE2472101A00C794BC /* PBXContainerItemProxy */;
		};
		154B91E42526A486006C1E45 /* PBXTargetDependency */ = {
			isa = PBXTargetDependency;
			target = 154B9175252426D5006C1E45 /* Loterias-Da-Sorte-iOS */;
			targetProxy = 154B91E32526A486006C1E45 /* PBXContainerItemProxy */;
		};
/* End PBXTargetDependency section */

/* Begin PBXVariantGroup section */
		150287F22472101900C794BC /* Interface.storyboard */ = {
			isa = PBXVariantGroup;
			children = (
				150287F32472101900C794BC /* Base */,
			);
			name = Interface.storyboard;
			sourceTree = "<group>";
		};
/* End PBXVariantGroup section */

/* Begin XCBuildConfiguration section */
		1502880F2472101B00C794BC /* Debug */ = {
			isa = XCBuildConfiguration;
			baseConfigurationReference = 1521CBA7248B320A00CFBBBF /* ApiConfig.xcconfig */;
			buildSettings = {
				ALWAYS_SEARCH_USER_PATHS = NO;
				CLANG_ANALYZER_NONNULL = YES;
				CLANG_ANALYZER_NUMBER_OBJECT_CONVERSION = YES_AGGRESSIVE;
				CLANG_CXX_LANGUAGE_STANDARD = "gnu++14";
				CLANG_CXX_LIBRARY = "libc++";
				CLANG_ENABLE_MODULES = YES;
				CLANG_ENABLE_OBJC_ARC = YES;
				CLANG_ENABLE_OBJC_WEAK = YES;
				CLANG_WARN_BLOCK_CAPTURE_AUTORELEASING = YES;
				CLANG_WARN_BOOL_CONVERSION = YES;
				CLANG_WARN_COMMA = YES;
				CLANG_WARN_CONSTANT_CONVERSION = YES;
				CLANG_WARN_DEPRECATED_OBJC_IMPLEMENTATIONS = YES;
				CLANG_WARN_DIRECT_OBJC_ISA_USAGE = YES_ERROR;
				CLANG_WARN_DOCUMENTATION_COMMENTS = YES;
				CLANG_WARN_EMPTY_BODY = YES;
				CLANG_WARN_ENUM_CONVERSION = YES;
				CLANG_WARN_INFINITE_RECURSION = YES;
				CLANG_WARN_INT_CONVERSION = YES;
				CLANG_WARN_NON_LITERAL_NULL_CONVERSION = YES;
				CLANG_WARN_OBJC_IMPLICIT_RETAIN_SELF = YES;
				CLANG_WARN_OBJC_LITERAL_CONVERSION = YES;
				CLANG_WARN_OBJC_ROOT_CLASS = YES_ERROR;
				CLANG_WARN_RANGE_LOOP_ANALYSIS = YES;
				CLANG_WARN_STRICT_PROTOTYPES = YES;
				CLANG_WARN_SUSPICIOUS_MOVE = YES;
				CLANG_WARN_UNGUARDED_AVAILABILITY = YES_AGGRESSIVE;
				CLANG_WARN_UNREACHABLE_CODE = YES;
				CLANG_WARN__DUPLICATE_METHOD_MATCH = YES;
				COPY_PHASE_STRIP = NO;
				DEBUG_INFORMATION_FORMAT = dwarf;
				ENABLE_STRICT_OBJC_MSGSEND = YES;
				ENABLE_TESTABILITY = YES;
				GCC_C_LANGUAGE_STANDARD = gnu11;
				GCC_DYNAMIC_NO_PIC = NO;
				GCC_NO_COMMON_BLOCKS = YES;
				GCC_OPTIMIZATION_LEVEL = 0;
				GCC_PREPROCESSOR_DEFINITIONS = (
					"DEBUG=1",
					"$(inherited)",
				);
				GCC_WARN_64_TO_32_BIT_CONVERSION = YES;
				GCC_WARN_ABOUT_RETURN_TYPE = YES_ERROR;
				GCC_WARN_UNDECLARED_SELECTOR = YES;
				GCC_WARN_UNINITIALIZED_AUTOS = YES_AGGRESSIVE;
				GCC_WARN_UNUSED_FUNCTION = YES;
				GCC_WARN_UNUSED_VARIABLE = YES;
				MTL_ENABLE_DEBUG_INFO = INCLUDE_SOURCE;
				MTL_FAST_MATH = YES;
				ONLY_ACTIVE_ARCH = YES;
				SDKROOT = iphoneos;
				SWIFT_ACTIVE_COMPILATION_CONDITIONS = DEBUG;
				SWIFT_OPTIMIZATION_LEVEL = "-Onone";
				SWIFT_VERSION = 5.0;
			};
			name = Debug;
		};
		150288102472101B00C794BC /* Release */ = {
			isa = XCBuildConfiguration;
			baseConfigurationReference = 1521CBA7248B320A00CFBBBF /* ApiConfig.xcconfig */;
			buildSettings = {
				ALWAYS_SEARCH_USER_PATHS = NO;
				CLANG_ANALYZER_NONNULL = YES;
				CLANG_ANALYZER_NUMBER_OBJECT_CONVERSION = YES_AGGRESSIVE;
				CLANG_CXX_LANGUAGE_STANDARD = "gnu++14";
				CLANG_CXX_LIBRARY = "libc++";
				CLANG_ENABLE_MODULES = YES;
				CLANG_ENABLE_OBJC_ARC = YES;
				CLANG_ENABLE_OBJC_WEAK = YES;
				CLANG_WARN_BLOCK_CAPTURE_AUTORELEASING = YES;
				CLANG_WARN_BOOL_CONVERSION = YES;
				CLANG_WARN_COMMA = YES;
				CLANG_WARN_CONSTANT_CONVERSION = YES;
				CLANG_WARN_DEPRECATED_OBJC_IMPLEMENTATIONS = YES;
				CLANG_WARN_DIRECT_OBJC_ISA_USAGE = YES_ERROR;
				CLANG_WARN_DOCUMENTATION_COMMENTS = YES;
				CLANG_WARN_EMPTY_BODY = YES;
				CLANG_WARN_ENUM_CONVERSION = YES;
				CLANG_WARN_INFINITE_RECURSION = YES;
				CLANG_WARN_INT_CONVERSION = YES;
				CLANG_WARN_NON_LITERAL_NULL_CONVERSION = YES;
				CLANG_WARN_OBJC_IMPLICIT_RETAIN_SELF = YES;
				CLANG_WARN_OBJC_LITERAL_CONVERSION = YES;
				CLANG_WARN_OBJC_ROOT_CLASS = YES_ERROR;
				CLANG_WARN_RANGE_LOOP_ANALYSIS = YES;
				CLANG_WARN_STRICT_PROTOTYPES = YES;
				CLANG_WARN_SUSPICIOUS_MOVE = YES;
				CLANG_WARN_UNGUARDED_AVAILABILITY = YES_AGGRESSIVE;
				CLANG_WARN_UNREACHABLE_CODE = YES;
				CLANG_WARN__DUPLICATE_METHOD_MATCH = YES;
				COPY_PHASE_STRIP = NO;
				DEBUG_INFORMATION_FORMAT = "dwarf-with-dsym";
				ENABLE_NS_ASSERTIONS = NO;
				ENABLE_STRICT_OBJC_MSGSEND = YES;
				GCC_C_LANGUAGE_STANDARD = gnu11;
				GCC_NO_COMMON_BLOCKS = YES;
				GCC_WARN_64_TO_32_BIT_CONVERSION = YES;
				GCC_WARN_ABOUT_RETURN_TYPE = YES_ERROR;
				GCC_WARN_UNDECLARED_SELECTOR = YES;
				GCC_WARN_UNINITIALIZED_AUTOS = YES_AGGRESSIVE;
				GCC_WARN_UNUSED_FUNCTION = YES;
				GCC_WARN_UNUSED_VARIABLE = YES;
				MTL_ENABLE_DEBUG_INFO = NO;
				MTL_FAST_MATH = YES;
				SDKROOT = iphoneos;
				SWIFT_COMPILATION_MODE = wholemodule;
				SWIFT_OPTIMIZATION_LEVEL = "-O";
				SWIFT_VERSION = 5.0;
				VALIDATE_PRODUCT = YES;
			};
			name = Release;
		};
		150288122472101B00C794BC /* Debug */ = {
			isa = XCBuildConfiguration;
			baseConfigurationReference = 1521CBA7248B320A00CFBBBF /* ApiConfig.xcconfig */;
			buildSettings = {
				ASSETCATALOG_COMPILER_COMPLICATION_NAME = Complication;
				CODE_SIGN_STYLE = Automatic;
				CURRENT_PROJECT_VERSION = 1;
				DEVELOPMENT_ASSET_PATHS = "\"Loterias-Da-Sorte WatchKit Extension/Preview Content\"";
				DEVELOPMENT_TEAM = H929RNU2C4;
				ENABLE_PREVIEWS = YES;
				INFOPLIST_FILE = "Loterias-Da-Sorte WatchKit Extension/Info.plist";
				LD_RUNPATH_SEARCH_PATHS = (
					"$(inherited)",
					"@executable_path/Frameworks",
					"@executable_path/../../Frameworks",
				);
				PRODUCT_BUNDLE_IDENTIFIER = "Gabriel-Soria-Souza.Loterias-Da-Sorte.watchkitapp.watchkitextension";
				PRODUCT_NAME = "${TARGET_NAME}";
				SDKROOT = watchos;
				SKIP_INSTALL = YES;
				SWIFT_VERSION = 5.0;
				TARGETED_DEVICE_FAMILY = 4;
				WATCHOS_DEPLOYMENT_TARGET = 6.0;
			};
			name = Debug;
		};
		150288132472101B00C794BC /* Release */ = {
			isa = XCBuildConfiguration;
			baseConfigurationReference = 1521CBA7248B320A00CFBBBF /* ApiConfig.xcconfig */;
			buildSettings = {
				ASSETCATALOG_COMPILER_COMPLICATION_NAME = Complication;
				CODE_SIGN_STYLE = Automatic;
				CURRENT_PROJECT_VERSION = 1;
				DEVELOPMENT_ASSET_PATHS = "\"Loterias-Da-Sorte WatchKit Extension/Preview Content\"";
				DEVELOPMENT_TEAM = H929RNU2C4;
				ENABLE_PREVIEWS = YES;
				INFOPLIST_FILE = "Loterias-Da-Sorte WatchKit Extension/Info.plist";
				LD_RUNPATH_SEARCH_PATHS = (
					"$(inherited)",
					"@executable_path/Frameworks",
					"@executable_path/../../Frameworks",
				);
				PRODUCT_BUNDLE_IDENTIFIER = "Gabriel-Soria-Souza.Loterias-Da-Sorte.watchkitapp.watchkitextension";
				PRODUCT_NAME = "${TARGET_NAME}";
				SDKROOT = watchos;
				SKIP_INSTALL = YES;
				SWIFT_VERSION = 5.0;
				TARGETED_DEVICE_FAMILY = 4;
				WATCHOS_DEPLOYMENT_TARGET = 6.0;
			};
			name = Release;
		};
		150288162472101B00C794BC /* Debug */ = {
			isa = XCBuildConfiguration;
			baseConfigurationReference = 1521CBA7248B320A00CFBBBF /* ApiConfig.xcconfig */;
			buildSettings = {
				ALWAYS_EMBED_SWIFT_STANDARD_LIBRARIES = YES;
				ASSETCATALOG_COMPILER_APPICON_NAME = AppIcon;
				CODE_SIGN_STYLE = Automatic;
				CURRENT_PROJECT_VERSION = 1;
				DEVELOPMENT_TEAM = H929RNU2C4;
				IBSC_MODULE = Loterias_Da_Sorte_WatchKit_Extension;
				INFOPLIST_FILE = "Loterias-Da-Sorte-WatchKit App/Info.plist";
				MARKETING_VERSION = 1.1;
				PRODUCT_BUNDLE_IDENTIFIER = "Gabriel-Soria-Souza.Loterias-Da-Sorte.watchkitapp";
				PRODUCT_NAME = "$(TARGET_NAME)";
				SDKROOT = watchos;
				SKIP_INSTALL = YES;
				SWIFT_VERSION = 5.0;
				TARGETED_DEVICE_FAMILY = 4;
				WATCHOS_DEPLOYMENT_TARGET = 6.0;
			};
			name = Debug;
		};
		150288172472101B00C794BC /* Release */ = {
			isa = XCBuildConfiguration;
			baseConfigurationReference = 1521CBA7248B320A00CFBBBF /* ApiConfig.xcconfig */;
			buildSettings = {
				ALWAYS_EMBED_SWIFT_STANDARD_LIBRARIES = YES;
				ASSETCATALOG_COMPILER_APPICON_NAME = AppIcon;
				CODE_SIGN_STYLE = Automatic;
				CURRENT_PROJECT_VERSION = 1;
				DEVELOPMENT_TEAM = H929RNU2C4;
				IBSC_MODULE = Loterias_Da_Sorte_WatchKit_Extension;
				INFOPLIST_FILE = "Loterias-Da-Sorte-WatchKit App/Info.plist";
				MARKETING_VERSION = 1.1;
				PRODUCT_BUNDLE_IDENTIFIER = "Gabriel-Soria-Souza.Loterias-Da-Sorte.watchkitapp";
				PRODUCT_NAME = "$(TARGET_NAME)";
				SDKROOT = watchos;
				SKIP_INSTALL = YES;
				SWIFT_VERSION = 5.0;
				TARGETED_DEVICE_FAMILY = 4;
				WATCHOS_DEPLOYMENT_TARGET = 6.0;
			};
			name = Release;
		};
		1502881A2472101B00C794BC /* Debug */ = {
			isa = XCBuildConfiguration;
			baseConfigurationReference = 1521CBA7248B320A00CFBBBF /* ApiConfig.xcconfig */;
			buildSettings = {
				CODE_SIGN_STYLE = Automatic;
				CURRENT_PROJECT_VERSION = 1;
				DEVELOPMENT_TEAM = H929RNU2C4;
				MARKETING_VERSION = 1.1;
				PRODUCT_BUNDLE_IDENTIFIER = "Gabriel-Soria-Souza.Loterias-Da-Sorte";
				PRODUCT_NAME = "$(TARGET_NAME)";
				SWIFT_VERSION = 5.0;
			};
			name = Debug;
		};
		1502881B2472101B00C794BC /* Release */ = {
			isa = XCBuildConfiguration;
			baseConfigurationReference = 1521CBA7248B320A00CFBBBF /* ApiConfig.xcconfig */;
			buildSettings = {
				CODE_SIGN_STYLE = Automatic;
				CURRENT_PROJECT_VERSION = 1;
				DEVELOPMENT_TEAM = H929RNU2C4;
				MARKETING_VERSION = 1.1;
				PRODUCT_BUNDLE_IDENTIFIER = "Gabriel-Soria-Souza.Loterias-Da-Sorte";
				PRODUCT_NAME = "$(TARGET_NAME)";
				SWIFT_VERSION = 5.0;
			};
			name = Release;
		};
		154B9187252426D6006C1E45 /* Debug */ = {
			isa = XCBuildConfiguration;
			buildSettings = {
				ASSETCATALOG_COMPILER_APPICON_NAME = AppIcon;
				ASSETCATALOG_COMPILER_GLOBAL_ACCENT_COLOR_NAME = AccentColor;
				CLANG_WARN_QUOTED_INCLUDE_IN_FRAMEWORK_HEADER = YES;
				CODE_SIGN_STYLE = Automatic;
				DEVELOPMENT_ASSET_PATHS = "\"Loterias-Da-Sorte-iOS/Preview Content\"";
				DEVELOPMENT_TEAM = H929RNU2C4;
				ENABLE_PREVIEWS = YES;
				INFOPLIST_FILE = "Loterias-Da-Sorte-iOS/Info.plist";
				IPHONEOS_DEPLOYMENT_TARGET = 14.0;
				LD_RUNPATH_SEARCH_PATHS = (
					"$(inherited)",
					"@executable_path/Frameworks",
				);
				PRODUCT_BUNDLE_IDENTIFIER = "Gabriel-Soria-Souza.Loterias-Da-Sorte-iOS";
				PRODUCT_NAME = "$(TARGET_NAME)";
				SWIFT_VERSION = 5.0;
				TARGETED_DEVICE_FAMILY = 1;
			};
			name = Debug;
		};
		154B9188252426D6006C1E45 /* Release */ = {
			isa = XCBuildConfiguration;
			buildSettings = {
				ASSETCATALOG_COMPILER_APPICON_NAME = AppIcon;
				ASSETCATALOG_COMPILER_GLOBAL_ACCENT_COLOR_NAME = AccentColor;
				CLANG_WARN_QUOTED_INCLUDE_IN_FRAMEWORK_HEADER = YES;
				CODE_SIGN_STYLE = Automatic;
				DEVELOPMENT_ASSET_PATHS = "\"Loterias-Da-Sorte-iOS/Preview Content\"";
				DEVELOPMENT_TEAM = H929RNU2C4;
				ENABLE_PREVIEWS = YES;
				INFOPLIST_FILE = "Loterias-Da-Sorte-iOS/Info.plist";
				IPHONEOS_DEPLOYMENT_TARGET = 14.0;
				LD_RUNPATH_SEARCH_PATHS = (
					"$(inherited)",
					"@executable_path/Frameworks",
				);
				PRODUCT_BUNDLE_IDENTIFIER = "Gabriel-Soria-Souza.Loterias-Da-Sorte-iOS";
				PRODUCT_NAME = "$(TARGET_NAME)";
				SWIFT_VERSION = 5.0;
				TARGETED_DEVICE_FAMILY = 1;
			};
			name = Release;
		};
		154B91E62526A486006C1E45 /* Debug */ = {
			isa = XCBuildConfiguration;
			buildSettings = {
				BUNDLE_LOADER = "$(TEST_HOST)";
				CLANG_WARN_QUOTED_INCLUDE_IN_FRAMEWORK_HEADER = YES;
				CODE_SIGN_STYLE = Automatic;
				DEVELOPMENT_TEAM = H929RNU2C4;
				INFOPLIST_FILE = "Loterias-Da-Sorte-iOSTests/Info.plist";
				IPHONEOS_DEPLOYMENT_TARGET = 14.0;
				LD_RUNPATH_SEARCH_PATHS = (
					"$(inherited)",
					"@executable_path/Frameworks",
					"@loader_path/Frameworks",
				);
				PRODUCT_BUNDLE_IDENTIFIER = "Gabriel-Soria-Souza.Loterias-Da-Sorte-iOSTests";
				PRODUCT_NAME = "$(TARGET_NAME)";
				SWIFT_VERSION = 5.0;
				TARGETED_DEVICE_FAMILY = "1,2";
				TEST_HOST = "$(BUILT_PRODUCTS_DIR)/Loterias-Da-Sorte-iOS.app/Loterias-Da-Sorte-iOS";
			};
			name = Debug;
		};
		154B91E72526A486006C1E45 /* Release */ = {
			isa = XCBuildConfiguration;
			buildSettings = {
				BUNDLE_LOADER = "$(TEST_HOST)";
				CLANG_WARN_QUOTED_INCLUDE_IN_FRAMEWORK_HEADER = YES;
				CODE_SIGN_STYLE = Automatic;
				DEVELOPMENT_TEAM = H929RNU2C4;
				INFOPLIST_FILE = "Loterias-Da-Sorte-iOSTests/Info.plist";
				IPHONEOS_DEPLOYMENT_TARGET = 14.0;
				LD_RUNPATH_SEARCH_PATHS = (
					"$(inherited)",
					"@executable_path/Frameworks",
					"@loader_path/Frameworks",
				);
				PRODUCT_BUNDLE_IDENTIFIER = "Gabriel-Soria-Souza.Loterias-Da-Sorte-iOSTests";
				PRODUCT_NAME = "$(TARGET_NAME)";
				SWIFT_VERSION = 5.0;
				TARGETED_DEVICE_FAMILY = "1,2";
				TEST_HOST = "$(BUILT_PRODUCTS_DIR)/Loterias-Da-Sorte-iOS.app/Loterias-Da-Sorte-iOS";
			};
			name = Release;
		};
/* End XCBuildConfiguration section */

/* Begin XCConfigurationList section */
		150287E62472101900C794BC /* Build configuration list for PBXProject "Loterias-Da-Sorte" */ = {
			isa = XCConfigurationList;
			buildConfigurations = (
				1502880F2472101B00C794BC /* Debug */,
				150288102472101B00C794BC /* Release */,
			);
			defaultConfigurationIsVisible = 0;
			defaultConfigurationName = Release;
		};
		150288112472101B00C794BC /* Build configuration list for PBXNativeTarget "Loterias-Da-Sorte WatchKit Extension" */ = {
			isa = XCConfigurationList;
			buildConfigurations = (
				150288122472101B00C794BC /* Debug */,
				150288132472101B00C794BC /* Release */,
			);
			defaultConfigurationIsVisible = 0;
			defaultConfigurationName = Release;
		};
		150288152472101B00C794BC /* Build configuration list for PBXNativeTarget "Loterias-Da-Sorte WatchKit App" */ = {
			isa = XCConfigurationList;
			buildConfigurations = (
				150288162472101B00C794BC /* Debug */,
				150288172472101B00C794BC /* Release */,
			);
			defaultConfigurationIsVisible = 0;
			defaultConfigurationName = Release;
		};
		150288192472101B00C794BC /* Build configuration list for PBXNativeTarget "Loterias-Da-Sorte" */ = {
			isa = XCConfigurationList;
			buildConfigurations = (
				1502881A2472101B00C794BC /* Debug */,
				1502881B2472101B00C794BC /* Release */,
			);
			defaultConfigurationIsVisible = 0;
			defaultConfigurationName = Release;
		};
		154B9189252426D6006C1E45 /* Build configuration list for PBXNativeTarget "Loterias-Da-Sorte-iOS" */ = {
			isa = XCConfigurationList;
			buildConfigurations = (
				154B9187252426D6006C1E45 /* Debug */,
				154B9188252426D6006C1E45 /* Release */,
			);
			defaultConfigurationIsVisible = 0;
			defaultConfigurationName = Release;
		};
		154B91E52526A486006C1E45 /* Build configuration list for PBXNativeTarget "Loterias-Da-Sorte-iOSTests" */ = {
			isa = XCConfigurationList;
			buildConfigurations = (
				154B91E62526A486006C1E45 /* Debug */,
				154B91E72526A486006C1E45 /* Release */,
			);
			defaultConfigurationIsVisible = 0;
			defaultConfigurationName = Release;
		};
/* End XCConfigurationList section */

/* Begin XCVersionGroup section */
		154B9183252426D6006C1E45 /* Loterias_Da_Sorte_iOS.xcdatamodeld */ = {
			isa = XCVersionGroup;
			children = (
				154B9184252426D6006C1E45 /* Loterias_Da_Sorte_iOS.xcdatamodel */,
			);
			currentVersion = 154B9184252426D6006C1E45 /* Loterias_Da_Sorte_iOS.xcdatamodel */;
			path = Loterias_Da_Sorte_iOS.xcdatamodeld;
			sourceTree = "<group>";
			versionGroupType = wrapper.xcdatamodel;
		};
/* End XCVersionGroup section */
	};
	rootObject = 150287E32472101900C794BC /* Project object */;
}
